// !$*UTF8*$!
{
	archiveVersion = 1;
	classes = {
	};
	objectVersion = 56;
	objects = {

/* Begin PBXBuildFile section */
		ABAE3D2B2972CE26003D5ABE /* AppDelegate.swift in Sources */ = {isa = PBXBuildFile; fileRef = ABAE3D2A2972CE26003D5ABE /* AppDelegate.swift */; };
		ABAE3D2D2972CE26003D5ABE /* SceneDelegate.swift in Sources */ = {isa = PBXBuildFile; fileRef = ABAE3D2C2972CE26003D5ABE /* SceneDelegate.swift */; };
		ABAE3D2F2972CE26003D5ABE /* ViewController.swift in Sources */ = {isa = PBXBuildFile; fileRef = ABAE3D2E2972CE26003D5ABE /* ViewController.swift */; };
		ABAE3D322972CE26003D5ABE /* Main.storyboard in Resources */ = {isa = PBXBuildFile; fileRef = ABAE3D302972CE26003D5ABE /* Main.storyboard */; };
		ABAE3D342972CE27003D5ABE /* Assets.xcassets in Resources */ = {isa = PBXBuildFile; fileRef = ABAE3D332972CE27003D5ABE /* Assets.xcassets */; };
		ABAE3D372972CE27003D5ABE /* LaunchScreen.storyboard in Resources */ = {isa = PBXBuildFile; fileRef = ABAE3D352972CE27003D5ABE /* LaunchScreen.storyboard */; };
		ABAE3D422972CE27003D5ABE /* mealTrackerTests.swift in Sources */ = {isa = PBXBuildFile; fileRef = ABAE3D412972CE27003D5ABE /* mealTrackerTests.swift */; };
		ABAE3D4C2972CE27003D5ABE /* mealTrackerUITests.swift in Sources */ = {isa = PBXBuildFile; fileRef = ABAE3D4B2972CE27003D5ABE /* mealTrackerUITests.swift */; };
		ABAE3D4E2972CE27003D5ABE /* mealTrackerUITestsLaunchTests.swift in Sources */ = {isa = PBXBuildFile; fileRef = ABAE3D4D2972CE27003D5ABE /* mealTrackerUITestsLaunchTests.swift */; };
		ABAE3D5D2972CFAA003D5ABE /* FoodTableViewController.swift in Sources */ = {isa = PBXBuildFile; fileRef = ABAE3D5C2972CFAA003D5ABE /* FoodTableViewController.swift */; };
		ABAE3D5F2972CFCE003D5ABE /* Meal.swift in Sources */ = {isa = PBXBuildFile; fileRef = ABAE3D5E2972CFCE003D5ABE /* Meal.swift */; };
		ABAE3D612972CFD4003D5ABE /* Food.swift in Sources */ = {isa = PBXBuildFile; fileRef = ABAE3D602972CFD4003D5ABE /* Food.swift */; };
/* End PBXBuildFile section */

/* Begin PBXContainerItemProxy section */
		ABAE3D3E2972CE27003D5ABE /* PBXContainerItemProxy */ = {
			isa = PBXContainerItemProxy;
			containerPortal = ABAE3D1F2972CE26003D5ABE /* Project object */;
			proxyType = 1;
			remoteGlobalIDString = ABAE3D262972CE26003D5ABE;
			remoteInfo = mealTracker;
		};
		ABAE3D482972CE27003D5ABE /* PBXContainerItemProxy */ = {
			isa = PBXContainerItemProxy;
			containerPortal = ABAE3D1F2972CE26003D5ABE /* Project object */;
			proxyType = 1;
			remoteGlobalIDString = ABAE3D262972CE26003D5ABE;
			remoteInfo = mealTracker;
		};
/* End PBXContainerItemProxy section */

/* Begin PBXFileReference section */
		ABAE3D272972CE26003D5ABE /* mealTracker.app */ = {isa = PBXFileReference; explicitFileType = wrapper.application; includeInIndex = 0; path = mealTracker.app; sourceTree = BUILT_PRODUCTS_DIR; };
		ABAE3D2A2972CE26003D5ABE /* AppDelegate.swift */ = {isa = PBXFileReference; lastKnownFileType = sourcecode.swift; path = AppDelegate.swift; sourceTree = "<group>"; };
		ABAE3D2C2972CE26003D5ABE /* SceneDelegate.swift */ = {isa = PBXFileReference; lastKnownFileType = sourcecode.swift; path = SceneDelegate.swift; sourceTree = "<group>"; };
		ABAE3D2E2972CE26003D5ABE /* ViewController.swift */ = {isa = PBXFileReference; lastKnownFileType = sourcecode.swift; path = ViewController.swift; sourceTree = "<group>"; };
		ABAE3D312972CE26003D5ABE /* Base */ = {isa = PBXFileReference; lastKnownFileType = file.storyboard; name = Base; path = Base.lproj/Main.storyboard; sourceTree = "<group>"; };
		ABAE3D332972CE27003D5ABE /* Assets.xcassets */ = {isa = PBXFileReference; lastKnownFileType = folder.assetcatalog; path = Assets.xcassets; sourceTree = "<group>"; };
		ABAE3D362972CE27003D5ABE /* Base */ = {isa = PBXFileReference; lastKnownFileType = file.storyboard; name = Base; path = Base.lproj/LaunchScreen.storyboard; sourceTree = "<group>"; };
		ABAE3D382972CE27003D5ABE /* Info.plist */ = {isa = PBXFileReference; lastKnownFileType = text.plist.xml; path = Info.plist; sourceTree = "<group>"; };
		ABAE3D3D2972CE27003D5ABE /* mealTrackerTests.xctest */ = {isa = PBXFileReference; explicitFileType = wrapper.cfbundle; includeInIndex = 0; path = mealTrackerTests.xctest; sourceTree = BUILT_PRODUCTS_DIR; };
		ABAE3D412972CE27003D5ABE /* mealTrackerTests.swift */ = {isa = PBXFileReference; lastKnownFileType = sourcecode.swift; path = mealTrackerTests.swift; sourceTree = "<group>"; };
		ABAE3D472972CE27003D5ABE /* mealTrackerUITests.xctest */ = {isa = PBXFileReference; explicitFileType = wrapper.cfbundle; includeInIndex = 0; path = mealTrackerUITests.xctest; sourceTree = BUILT_PRODUCTS_DIR; };
		ABAE3D4B2972CE27003D5ABE /* mealTrackerUITests.swift */ = {isa = PBXFileReference; lastKnownFileType = sourcecode.swift; path = mealTrackerUITests.swift; sourceTree = "<group>"; };
		ABAE3D4D2972CE27003D5ABE /* mealTrackerUITestsLaunchTests.swift */ = {isa = PBXFileReference; lastKnownFileType = sourcecode.swift; path = mealTrackerUITestsLaunchTests.swift; sourceTree = "<group>"; };
		ABAE3D5C2972CFAA003D5ABE /* FoodTableViewController.swift */ = {isa = PBXFileReference; lastKnownFileType = sourcecode.swift; path = FoodTableViewController.swift; sourceTree = "<group>"; };
		ABAE3D5E2972CFCE003D5ABE /* Meal.swift */ = {isa = PBXFileReference; lastKnownFileType = sourcecode.swift; path = Meal.swift; sourceTree = "<group>"; };
		ABAE3D602972CFD4003D5ABE /* Food.swift */ = {isa = PBXFileReference; lastKnownFileType = sourcecode.swift; path = Food.swift; sourceTree = "<group>"; };
/* End PBXFileReference section */

/* Begin PBXFrameworksBuildPhase section */
		ABAE3D242972CE26003D5ABE /* Frameworks */ = {
			isa = PBXFrameworksBuildPhase;
			buildActionMask = 2147483647;
			files = (
			);
			runOnlyForDeploymentPostprocessing = 0;
		};
		ABAE3D3A2972CE27003D5ABE /* Frameworks */ = {
			isa = PBXFrameworksBuildPhase;
			buildActionMask = 2147483647;
			files = (
			);
			runOnlyForDeploymentPostprocessing = 0;
		};
		ABAE3D442972CE27003D5ABE /* Frameworks */ = {
			isa = PBXFrameworksBuildPhase;
			buildActionMask = 2147483647;
			files = (
			);
			runOnlyForDeploymentPostprocessing = 0;
		};
/* End PBXFrameworksBuildPhase section */

/* Begin PBXGroup section */
		ABAE3D1E2972CE26003D5ABE = {
			isa = PBXGroup;
			children = (
				ABAE3D292972CE26003D5ABE /* mealTracker */,
				ABAE3D402972CE27003D5ABE /* mealTrackerTests */,
				ABAE3D4A2972CE27003D5ABE /* mealTrackerUITests */,
				ABAE3D282972CE26003D5ABE /* Products */,
			);
			sourceTree = "<group>";
		};
		ABAE3D282972CE26003D5ABE /* Products */ = {
			isa = PBXGroup;
			children = (
				ABAE3D272972CE26003D5ABE /* mealTracker.app */,
				ABAE3D3D2972CE27003D5ABE /* mealTrackerTests.xctest */,
				ABAE3D472972CE27003D5ABE /* mealTrackerUITests.xctest */,
			);
			name = Products;
			sourceTree = "<group>";
		};
		ABAE3D292972CE26003D5ABE /* mealTracker */ = {
			isa = PBXGroup;
			children = (
				ABAE3D2A2972CE26003D5ABE /* AppDelegate.swift */,
				ABAE3D2C2972CE26003D5ABE /* SceneDelegate.swift */,
				ABAE3D2E2972CE26003D5ABE /* ViewController.swift */,
				ABAE3D302972CE26003D5ABE /* Main.storyboard */,
				ABAE3D5E2972CFCE003D5ABE /* Meal.swift */,
				ABAE3D602972CFD4003D5ABE /* Food.swift */,
				ABAE3D5C2972CFAA003D5ABE /* FoodTableViewController.swift */,
				ABAE3D332972CE27003D5ABE /* Assets.xcassets */,
				ABAE3D352972CE27003D5ABE /* LaunchScreen.storyboard */,
				ABAE3D382972CE27003D5ABE /* Info.plist */,
			);
			path = mealTracker;
			sourceTree = "<group>";
		};
		ABAE3D402972CE27003D5ABE /* mealTrackerTests */ = {
			isa = PBXGroup;
			children = (
				ABAE3D412972CE27003D5ABE /* mealTrackerTests.swift */,
			);
			path = mealTrackerTests;
			sourceTree = "<group>";
		};
		ABAE3D4A2972CE27003D5ABE /* mealTrackerUITests */ = {
			isa = PBXGroup;
			children = (
				ABAE3D4B2972CE27003D5ABE /* mealTrackerUITests.swift */,
				ABAE3D4D2972CE27003D5ABE /* mealTrackerUITestsLaunchTests.swift */,
			);
			path = mealTrackerUITests;
			sourceTree = "<group>";
		};
/* End PBXGroup section */

/* Begin PBXNativeTarget section */
		ABAE3D262972CE26003D5ABE /* mealTracker */ = {
			isa = PBXNativeTarget;
			buildConfigurationList = ABAE3D512972CE27003D5ABE /* Build configuration list for PBXNativeTarget "mealTracker" */;
			buildPhases = (
				ABAE3D232972CE26003D5ABE /* Sources */,
				ABAE3D242972CE26003D5ABE /* Frameworks */,
				ABAE3D252972CE26003D5ABE /* Resources */,
			);
			buildRules = (
			);
			dependencies = (
			);
			name = mealTracker;
			productName = mealTracker;
			productReference = ABAE3D272972CE26003D5ABE /* mealTracker.app */;
			productType = "com.apple.product-type.application";
		};
		ABAE3D3C2972CE27003D5ABE /* mealTrackerTests */ = {
			isa = PBXNativeTarget;
			buildConfigurationList = ABAE3D542972CE27003D5ABE /* Build configuration list for PBXNativeTarget "mealTrackerTests" */;
			buildPhases = (
				ABAE3D392972CE27003D5ABE /* Sources */,
				ABAE3D3A2972CE27003D5ABE /* Frameworks */,
				ABAE3D3B2972CE27003D5ABE /* Resources */,
			);
			buildRules = (
			);
			dependencies = (
				ABAE3D3F2972CE27003D5ABE /* PBXTargetDependency */,
			);
			name = mealTrackerTests;
			productName = mealTrackerTests;
			productReference = ABAE3D3D2972CE27003D5ABE /* mealTrackerTests.xctest */;
			productType = "com.apple.product-type.bundle.unit-test";
		};
		ABAE3D462972CE27003D5ABE /* mealTrackerUITests */ = {
			isa = PBXNativeTarget;
			buildConfigurationList = ABAE3D572972CE27003D5ABE /* Build configuration list for PBXNativeTarget "mealTrackerUITests" */;
			buildPhases = (
				ABAE3D432972CE27003D5ABE /* Sources */,
				ABAE3D442972CE27003D5ABE /* Frameworks */,
				ABAE3D452972CE27003D5ABE /* Resources */,
			);
			buildRules = (
			);
			dependencies = (
				ABAE3D492972CE27003D5ABE /* PBXTargetDependency */,
			);
			name = mealTrackerUITests;
			productName = mealTrackerUITests;
			productReference = ABAE3D472972CE27003D5ABE /* mealTrackerUITests.xctest */;
			productType = "com.apple.product-type.bundle.ui-testing";
		};
/* End PBXNativeTarget section */

/* Begin PBXProject section */
		ABAE3D1F2972CE26003D5ABE /* Project object */ = {
			isa = PBXProject;
			attributes = {
				BuildIndependentTargetsInParallel = 1;
				LastSwiftUpdateCheck = 1420;
				LastUpgradeCheck = 1420;
				TargetAttributes = {
					ABAE3D262972CE26003D5ABE = {
						CreatedOnToolsVersion = 14.2;
					};
					ABAE3D3C2972CE27003D5ABE = {
						CreatedOnToolsVersion = 14.2;
						TestTargetID = ABAE3D262972CE26003D5ABE;
					};
					ABAE3D462972CE27003D5ABE = {
						CreatedOnToolsVersion = 14.2;
						TestTargetID = ABAE3D262972CE26003D5ABE;
					};
				};
			};
			buildConfigurationList = ABAE3D222972CE26003D5ABE /* Build configuration list for PBXProject "mealTracker" */;
			compatibilityVersion = "Xcode 14.0";
			developmentRegion = en;
			hasScannedForEncodings = 0;
			knownRegions = (
				en,
				Base,
			);
			mainGroup = ABAE3D1E2972CE26003D5ABE;
			productRefGroup = ABAE3D282972CE26003D5ABE /* Products */;
			projectDirPath = "";
			projectRoot = "";
			targets = (
				ABAE3D262972CE26003D5ABE /* mealTracker */,
				ABAE3D3C2972CE27003D5ABE /* mealTrackerTests */,
				ABAE3D462972CE27003D5ABE /* mealTrackerUITests */,
			);
		};
/* End PBXProject section */

/* Begin PBXResourcesBuildPhase section */
		ABAE3D252972CE26003D5ABE /* Resources */ = {
			isa = PBXResourcesBuildPhase;
			buildActionMask = 2147483647;
			files = (
				ABAE3D372972CE27003D5ABE /* LaunchScreen.storyboard in Resources */,
				ABAE3D342972CE27003D5ABE /* Assets.xcassets in Resources */,
				ABAE3D322972CE26003D5ABE /* Main.storyboard in Resources */,
			);
			runOnlyForDeploymentPostprocessing = 0;
		};
		ABAE3D3B2972CE27003D5ABE /* Resources */ = {
			isa = PBXResourcesBuildPhase;
			buildActionMask = 2147483647;
			files = (
			);
			runOnlyForDeploymentPostprocessing = 0;
		};
		ABAE3D452972CE27003D5ABE /* Resources */ = {
			isa = PBXResourcesBuildPhase;
			buildActionMask = 2147483647;
			files = (
			);
			runOnlyForDeploymentPostprocessing = 0;
		};
/* End PBXResourcesBuildPhase section */

/* Begin PBXSourcesBuildPhase section */
		ABAE3D232972CE26003D5ABE /* Sources */ = {
			isa = PBXSourcesBuildPhase;
			buildActionMask = 2147483647;
			files = (
				ABAE3D5F2972CFCE003D5ABE /* Meal.swift in Sources */,
				ABAE3D2F2972CE26003D5ABE /* ViewController.swift in Sources */,
				ABAE3D2B2972CE26003D5ABE /* AppDelegate.swift in Sources */,
				ABAE3D2D2972CE26003D5ABE /* SceneDelegate.swift in Sources */,
				ABAE3D5D2972CFAA003D5ABE /* FoodTableViewController.swift in Sources */,
				ABAE3D612972CFD4003D5ABE /* Food.swift in Sources */,
			);
			runOnlyForDeploymentPostprocessing = 0;
		};
		ABAE3D392972CE27003D5ABE /* Sources */ = {
			isa = PBXSourcesBuildPhase;
			buildActionMask = 2147483647;
			files = (
				ABAE3D422972CE27003D5ABE /* mealTrackerTests.swift in Sources */,
			);
			runOnlyForDeploymentPostprocessing = 0;
		};
		ABAE3D432972CE27003D5ABE /* Sources */ = {
			isa = PBXSourcesBuildPhase;
			buildActionMask = 2147483647;
			files = (
				ABAE3D4E2972CE27003D5ABE /* mealTrackerUITestsLaunchTests.swift in Sources */,
				ABAE3D4C2972CE27003D5ABE /* mealTrackerUITests.swift in Sources */,
			);
			runOnlyForDeploymentPostprocessing = 0;
		};
/* End PBXSourcesBuildPhase section */

/* Begin PBXTargetDependency section */
		ABAE3D3F2972CE27003D5ABE /* PBXTargetDependency */ = {
			isa = PBXTargetDependency;
			target = ABAE3D262972CE26003D5ABE /* mealTracker */;
			targetProxy = ABAE3D3E2972CE27003D5ABE /* PBXContainerItemProxy */;
		};
		ABAE3D492972CE27003D5ABE /* PBXTargetDependency */ = {
			isa = PBXTargetDependency;
			target = ABAE3D262972CE26003D5ABE /* mealTracker */;
			targetProxy = ABAE3D482972CE27003D5ABE /* PBXContainerItemProxy */;
		};
/* End PBXTargetDependency section */

/* Begin PBXVariantGroup section */
		ABAE3D302972CE26003D5ABE /* Main.storyboard */ = {
			isa = PBXVariantGroup;
			children = (
				ABAE3D312972CE26003D5ABE /* Base */,
			);
			name = Main.storyboard;
			sourceTree = "<group>";
		};
		ABAE3D352972CE27003D5ABE /* LaunchScreen.storyboard */ = {
			isa = PBXVariantGroup;
			children = (
				ABAE3D362972CE27003D5ABE /* Base */,
			);
			name = LaunchScreen.storyboard;
			sourceTree = "<group>";
		};
/* End PBXVariantGroup section */

/* Begin XCBuildConfiguration section */
		ABAE3D4F2972CE27003D5ABE /* Debug */ = {
			isa = XCBuildConfiguration;
			buildSettings = {
				ALWAYS_SEARCH_USER_PATHS = NO;
				CLANG_ANALYZER_NONNULL = YES;
				CLANG_ANALYZER_NUMBER_OBJECT_CONVERSION = YES_AGGRESSIVE;
				CLANG_CXX_LANGUAGE_STANDARD = "gnu++20";
				CLANG_ENABLE_MODULES = YES;
				CLANG_ENABLE_OBJC_ARC = YES;
				CLANG_ENABLE_OBJC_WEAK = YES;
				CLANG_WARN_BLOCK_CAPTURE_AUTORELEASING = YES;
				CLANG_WARN_BOOL_CONVERSION = YES;
				CLANG_WARN_COMMA = YES;
				CLANG_WARN_CONSTANT_CONVERSION = YES;
				CLANG_WARN_DEPRECATED_OBJC_IMPLEMENTATIONS = YES;
				CLANG_WARN_DIRECT_OBJC_ISA_USAGE = YES_ERROR;
				CLANG_WARN_DOCUMENTATION_COMMENTS = YES;
				CLANG_WARN_EMPTY_BODY = YES;
				CLANG_WARN_ENUM_CONVERSION = YES;
				CLANG_WARN_INFINITE_RECURSION = YES;
				CLANG_WARN_INT_CONVERSION = YES;
				CLANG_WARN_NON_LITERAL_NULL_CONVERSION = YES;
				CLANG_WARN_OBJC_IMPLICIT_RETAIN_SELF = YES;
				CLANG_WARN_OBJC_LITERAL_CONVERSION = YES;
				CLANG_WARN_OBJC_ROOT_CLASS = YES_ERROR;
				CLANG_WARN_QUOTED_INCLUDE_IN_FRAMEWORK_HEADER = YES;
				CLANG_WARN_RANGE_LOOP_ANALYSIS = YES;
				CLANG_WARN_STRICT_PROTOTYPES = YES;
				CLANG_WARN_SUSPICIOUS_MOVE = YES;
				CLANG_WARN_UNGUARDED_AVAILABILITY = YES_AGGRESSIVE;
				CLANG_WARN_UNREACHABLE_CODE = YES;
				CLANG_WARN__DUPLICATE_METHOD_MATCH = YES;
				COPY_PHASE_STRIP = NO;
				DEBUG_INFORMATION_FORMAT = dwarf;
				ENABLE_STRICT_OBJC_MSGSEND = YES;
				ENABLE_TESTABILITY = YES;
				GCC_C_LANGUAGE_STANDARD = gnu11;
				GCC_DYNAMIC_NO_PIC = NO;
				GCC_NO_COMMON_BLOCKS = YES;
				GCC_OPTIMIZATION_LEVEL = 0;
				GCC_PREPROCESSOR_DEFINITIONS = (
					"DEBUG=1",
					"$(inherited)",
				);
				GCC_WARN_64_TO_32_BIT_CONVERSION = YES;
				GCC_WARN_ABOUT_RETURN_TYPE = YES_ERROR;
				GCC_WARN_UNDECLARED_SELECTOR = YES;
				GCC_WARN_UNINITIALIZED_AUTOS = YES_AGGRESSIVE;
				GCC_WARN_UNUSED_FUNCTION = YES;
				GCC_WARN_UNUSED_VARIABLE = YES;
				IPHONEOS_DEPLOYMENT_TARGET = 16.2;
				MTL_ENABLE_DEBUG_INFO = INCLUDE_SOURCE;
				MTL_FAST_MATH = YES;
				ONLY_ACTIVE_ARCH = YES;
				SDKROOT = iphoneos;
				SWIFT_ACTIVE_COMPILATION_CONDITIONS = DEBUG;
				SWIFT_OPTIMIZATION_LEVEL = "-Onone";
			};
			name = Debug;
		};
		ABAE3D502972CE27003D5ABE /* Release */ = {
			isa = XCBuildConfiguration;
			buildSettings = {
				ALWAYS_SEARCH_USER_PATHS = NO;
				CLANG_ANALYZER_NONNULL = YES;
				CLANG_ANALYZER_NUMBER_OBJECT_CONVERSION = YES_AGGRESSIVE;
				CLANG_CXX_LANGUAGE_STANDARD = "gnu++20";
				CLANG_ENABLE_MODULES = YES;
				CLANG_ENABLE_OBJC_ARC = YES;
				CLANG_ENABLE_OBJC_WEAK = YES;
				CLANG_WARN_BLOCK_CAPTURE_AUTORELEASING = YES;
				CLANG_WARN_BOOL_CONVERSION = YES;
				CLANG_WARN_COMMA = YES;
				CLANG_WARN_CONSTANT_CONVERSION = YES;
				CLANG_WARN_DEPRECATED_OBJC_IMPLEMENTATIONS = YES;
				CLANG_WARN_DIRECT_OBJC_ISA_USAGE = YES_ERROR;
				CLANG_WARN_DOCUMENTATION_COMMENTS = YES;
				CLANG_WARN_EMPTY_BODY = YES;
				CLANG_WARN_ENUM_CONVERSION = YES;
				CLANG_WARN_INFINITE_RECURSION = YES;
				CLANG_WARN_INT_CONVERSION = YES;
				CLANG_WARN_NON_LITERAL_NULL_CONVERSION = YES;
				CLANG_WARN_OBJC_IMPLICIT_RETAIN_SELF = YES;
				CLANG_WARN_OBJC_LITERAL_CONVERSION = YES;
				CLANG_WARN_OBJC_ROOT_CLASS = YES_ERROR;
				CLANG_WARN_QUOTED_INCLUDE_IN_FRAMEWORK_HEADER = YES;
				CLANG_WARN_RANGE_LOOP_ANALYSIS = YES;
				CLANG_WARN_STRICT_PROTOTYPES = YES;
				CLANG_WARN_SUSPICIOUS_MOVE = YES;
				CLANG_WARN_UNGUARDED_AVAILABILITY = YES_AGGRESSIVE;
				CLANG_WARN_UNREACHABLE_CODE = YES;
				CLANG_WARN__DUPLICATE_METHOD_MATCH = YES;
				COPY_PHASE_STRIP = NO;
				DEBUG_INFORMATION_FORMAT = "dwarf-with-dsym";
				ENABLE_NS_ASSERTIONS = NO;
				ENABLE_STRICT_OBJC_MSGSEND = YES;
				GCC_C_LANGUAGE_STANDARD = gnu11;
				GCC_NO_COMMON_BLOCKS = YES;
				GCC_WARN_64_TO_32_BIT_CONVERSION = YES;
				GCC_WARN_ABOUT_RETURN_TYPE = YES_ERROR;
				GCC_WARN_UNDECLARED_SELECTOR = YES;
				GCC_WARN_UNINITIALIZED_AUTOS = YES_AGGRESSIVE;
				GCC_WARN_UNUSED_FUNCTION = YES;
				GCC_WARN_UNUSED_VARIABLE = YES;
				IPHONEOS_DEPLOYMENT_TARGET = 16.2;
				MTL_ENABLE_DEBUG_INFO = NO;
				MTL_FAST_MATH = YES;
				SDKROOT = iphoneos;
				SWIFT_COMPILATION_MODE = wholemodule;
				SWIFT_OPTIMIZATION_LEVEL = "-O";
				VALIDATE_PRODUCT = YES;
			};
			name = Release;
		};
		ABAE3D522972CE27003D5ABE /* Debug */ = {
			isa = XCBuildConfiguration;
			buildSettings = {
				ASSETCATALOG_COMPILER_APPICON_NAME = AppIcon;
				ASSETCATALOG_COMPILER_GLOBAL_ACCENT_COLOR_NAME = AccentColor;
				CODE_SIGN_STYLE = Automatic;
				CURRENT_PROJECT_VERSION = 1;
				DEVELOPMENT_TEAM = PQ66K967C7;
				GENERATE_INFOPLIST_FILE = YES;
				INFOPLIST_FILE = mealTracker/Info.plist;
				INFOPLIST_KEY_UIApplicationSupportsIndirectInputEvents = YES;
				INFOPLIST_KEY_UILaunchStoryboardName = LaunchScreen;
				INFOPLIST_KEY_UIMainStoryboardFile = Main;
				INFOPLIST_KEY_UISupportedInterfaceOrientations_iPad = "UIInterfaceOrientationPortrait UIInterfaceOrientationPortraitUpsideDown UIInterfaceOrientationLandscapeLeft UIInterfaceOrientationLandscapeRight";
				INFOPLIST_KEY_UISupportedInterfaceOrientations_iPhone = "UIInterfaceOrientationPortrait UIInterfaceOrientationLandscapeLeft UIInterfaceOrientationLandscapeRight";
				LD_RUNPATH_SEARCH_PATHS = (
					"$(inherited)",
					"@executable_path/Frameworks",
				);
				MARKETING_VERSION = 1.0;
				PRODUCT_BUNDLE_IDENTIFIER = in.edu.srmist.mealTracker;
				PRODUCT_NAME = "$(TARGET_NAME)";
				SWIFT_EMIT_LOC_STRINGS = YES;
				SWIFT_VERSION = 5.0;
				TARGETED_DEVICE_FAMILY = "1,2";
			};
			name = Debug;
		};
		ABAE3D532972CE27003D5ABE /* Release */ = {
			isa = XCBuildConfiguration;
			buildSettings = {
				ASSETCATALOG_COMPILER_APPICON_NAME = AppIcon;
				ASSETCATALOG_COMPILER_GLOBAL_ACCENT_COLOR_NAME = AccentColor;
				CODE_SIGN_STYLE = Automatic;
				CURRENT_PROJECT_VERSION = 1;
				DEVELOPMENT_TEAM = PQ66K967C7;
				GENERATE_INFOPLIST_FILE = YES;
				INFOPLIST_FILE = mealTracker/Info.plist;
				INFOPLIST_KEY_UIApplicationSupportsIndirectInputEvents = YES;
				INFOPLIST_KEY_UILaunchStoryboardName = LaunchScreen;
				INFOPLIST_KEY_UIMainStoryboardFile = Main;
				INFOPLIST_KEY_UISupportedInterfaceOrientations_iPad = "UIInterfaceOrientationPortrait UIInterfaceOrientationPortraitUpsideDown UIInterfaceOrientationLandscapeLeft UIInterfaceOrientationLandscapeRight";
				INFOPLIST_KEY_UISupportedInterfaceOrientations_iPhone = "UIInterfaceOrientationPortrait UIInterfaceOrientationLandscapeLeft UIInterfaceOrientationLandscapeRight";
				LD_RUNPATH_SEARCH_PATHS = (
					"$(inherited)",
					"@executable_path/Frameworks",
				);
				MARKETING_VERSION = 1.0;
				PRODUCT_BUNDLE_IDENTIFIER = in.edu.srmist.mealTracker;
				PRODUCT_NAME = "$(TARGET_NAME)";
				SWIFT_EMIT_LOC_STRINGS = YES;
				SWIFT_VERSION = 5.0;
				TARGETED_DEVICE_FAMILY = "1,2";
			};
			name = Release;
		};
		ABAE3D552972CE27003D5ABE /* Debug */ = {
			isa = XCBuildConfiguration;
			buildSettings = {
				ALWAYS_EMBED_SWIFT_STANDARD_LIBRARIES = YES;
				BUNDLE_LOADER = "$(TEST_HOST)";
				CODE_SIGN_STYLE = Automatic;
				CURRENT_PROJECT_VERSION = 1;
				DEVELOPMENT_TEAM = PQ66K967C7;
				GENERATE_INFOPLIST_FILE = YES;
				IPHONEOS_DEPLOYMENT_TARGET = 16.2;
				MARKETING_VERSION = 1.0;
				PRODUCT_BUNDLE_IDENTIFIER = in.edu.srmist.mealTrackerTests;
				PRODUCT_NAME = "$(TARGET_NAME)";
				SWIFT_EMIT_LOC_STRINGS = NO;
				SWIFT_VERSION = 5.0;
				TARGETED_DEVICE_FAMILY = "1,2";
				TEST_HOST = "$(BUILT_PRODUCTS_DIR)/mealTracker.app/$(BUNDLE_EXECUTABLE_FOLDER_PATH)/mealTracker";
			};
			name = Debug;
		};
		ABAE3D562972CE27003D5ABE /* Release */ = {
			isa = XCBuildConfiguration;
			buildSettings = {
				ALWAYS_EMBED_SWIFT_STANDARD_LIBRARIES = YES;
				BUNDLE_LOADER = "$(TEST_HOST)";
				CODE_SIGN_STYLE = Automatic;
				CURRENT_PROJECT_VERSION = 1;
				DEVELOPMENT_TEAM = PQ66K967C7;
				GENERATE_INFOPLIST_FILE = YES;
				IPHONEOS_DEPLOYMENT_TARGET = 16.2;
				MARKETING_VERSION = 1.0;
				PRODUCT_BUNDLE_IDENTIFIER = in.edu.srmist.mealTrackerTests;
				PRODUCT_NAME = "$(TARGET_NAME)";
				SWIFT_EMIT_LOC_STRINGS = NO;
				SWIFT_VERSION = 5.0;
				TARGETED_DEVICE_FAMILY = "1,2";
				TEST_HOST = "$(BUILT_PRODUCTS_DIR)/mealTracker.app/$(BUNDLE_EXECUTABLE_FOLDER_PATH)/mealTracker";
			};
			name = Release;
		};
		ABAE3D582972CE27003D5ABE /* Debug */ = {
			isa = XCBuildConfiguration;
			buildSettings = {
				ALWAYS_EMBED_SWIFT_STANDARD_LIBRARIES = YES;
				CODE_SIGN_STYLE = Automatic;
				CURRENT_PROJECT_VERSION = 1;
				DEVELOPMENT_TEAM = PQ66K967C7;
				GENERATE_INFOPLIST_FILE = YES;
				MARKETING_VERSION = 1.0;
				PRODUCT_BUNDLE_IDENTIFIER = in.edu.srmist.mealTrackerUITests;
				PRODUCT_NAME = "$(TARGET_NAME)";
				SWIFT_EMIT_LOC_STRINGS = NO;
				SWIFT_VERSION = 5.0;
				TARGETED_DEVICE_FAMILY = "1,2";
				TEST_TARGET_NAME = mealTracker;
			};
			name = Debug;
		};
		ABAE3D592972CE27003D5ABE /* Release */ = {
			isa = XCBuildConfiguration;
			buildSettings = {
				ALWAYS_EMBED_SWIFT_STANDARD_LIBRARIES = YES;
				CODE_SIGN_STYLE = Automatic;
				CURRENT_PROJECT_VERSION = 1;
				DEVELOPMENT_TEAM = PQ66K967C7;
				GENERATE_INFOPLIST_FILE = YES;
				MARKETING_VERSION = 1.0;
				PRODUCT_BUNDLE_IDENTIFIER = in.edu.srmist.mealTrackerUITests;
				PRODUCT_NAME = "$(TARGET_NAME)";
				SWIFT_EMIT_LOC_STRINGS = NO;
				SWIFT_VERSION = 5.0;
				TARGETED_DEVICE_FAMILY = "1,2";
				TEST_TARGET_NAME = mealTracker;
			};
			name = Release;
		};
/* End XCBuildConfiguration section */

/* Begin XCConfigurationList section */
		ABAE3D222972CE26003D5ABE /* Build configuration list for PBXProject "mealTracker" */ = {
			isa = XCConfigurationList;
			buildConfigurations = (
				ABAE3D4F2972CE27003D5ABE /* Debug */,
				ABAE3D502972CE27003D5ABE /* Release */,
			);
			defaultConfigurationIsVisible = 0;
			defaultConfigurationName = Release;
		};
		ABAE3D512972CE27003D5ABE /* Build configuration list for PBXNativeTarget "mealTracker" */ = {
			isa = XCConfigurationList;
			buildConfigurations = (
				ABAE3D522972CE27003D5ABE /* Debug */,
				ABAE3D532972CE27003D5ABE /* Release */,
			);
			defaultConfigurationIsVisible = 0;
			defaultConfigurationName = Release;
		};
		ABAE3D542972CE27003D5ABE /* Build configuration list for PBXNativeTarget "mealTrackerTests" */ = {
			isa = XCConfigurationList;
			buildConfigurations = (
				ABAE3D552972CE27003D5ABE /* Debug */,
				ABAE3D562972CE27003D5ABE /* Release */,
			);
			defaultConfigurationIsVisible = 0;
			defaultConfigurationName = Release;
		};
		ABAE3D572972CE27003D5ABE /* Build configuration list for PBXNativeTarget "mealTrackerUITests" */ = {
			isa = XCConfigurationList;
			buildConfigurations = (
				ABAE3D582972CE27003D5ABE /* Debug */,
				ABAE3D592972CE27003D5ABE /* Release */,
			);
			defaultConfigurationIsVisible = 0;
			defaultConfigurationName = Release;
		};
/* End XCConfigurationList section */
	};
	rootObject = ABAE3D1F2972CE26003D5ABE /* Project object */;
}
